
Microsoft Visual Studio Solution File, Format Version 12.00
# Visual Studio Version 17
VisualStudioVersion = 17.0.31903.59
MinimumVisualStudioVersion = 10.0.40219.1
Project("{FAE04EC0-301F-11D3-BF4B-00C04F79EFBC}") = "WebShopApp.Business", "WebShopApp.Business\WebShopApp.Business.csproj", "{317BE769-EF59-4229-9B1A-B333A23B7B37}"
EndProject
Project("{FAE04EC0-301F-11D3-BF4B-00C04F79EFBC}") = "WebShopApp.WebApi", "WebShopApp.WebApi\WebShopApp.WebApi.csproj", "{B3AB74A6-FF20-49AD-95FB-BA61429E6E12}"
EndProject
Project("{FAE04EC0-301F-11D3-BF4B-00C04F79EFBC}") = "WebShopApp.Data", "WebShopApp.Data\WebShopApp.Data.csproj", "{FC27F0B1-F353-41CD-899D-0F3041DCF2A8}"
EndProject
Global
	GlobalSection(SolutionConfigurationPlatforms) = preSolution
		Debug|Any CPU = Debug|Any CPU
		Release|Any CPU = Release|Any CPU
	EndGlobalSection
	GlobalSection(SolutionProperties) = preSolution
		HideSolutionNode = FALSE
	EndGlobalSection
	GlobalSection(ProjectConfigurationPlatforms) = postSolution
		{317BE769-EF59-4229-9B1A-B333A23B7B37}.Debug|Any CPU.ActiveCfg = Debug|Any CPU
		{317BE769-EF59-4229-9B1A-B333A23B7B37}.Debug|Any CPU.Build.0 = Debug|Any CPU
		{317BE769-EF59-4229-9B1A-B333A23B7B37}.Release|Any CPU.ActiveCfg = Release|Any CPU
		{317BE769-EF59-4229-9B1A-B333A23B7B37}.Release|Any CPU.Build.0 = Release|Any CPU
		{B3AB74A6-FF20-49AD-95FB-BA61429E6E12}.Debug|Any CPU.ActiveCfg = Debug|Any CPU
		{B3AB74A6-FF20-49AD-95FB-BA61429E6E12}.Debug|Any CPU.Build.0 = Debug|Any CPU
		{B3AB74A6-FF20-49AD-95FB-BA61429E6E12}.Release|Any CPU.ActiveCfg = Release|Any CPU
		{B3AB74A6-FF20-49AD-95FB-BA61429E6E12}.Release|Any CPU.Build.0 = Release|Any CPU
		{FC27F0B1-F353-41CD-899D-0F3041DCF2A8}.Debug|Any CPU.ActiveCfg = Debug|Any CPU
		{FC27F0B1-F353-41CD-899D-0F3041DCF2A8}.Debug|Any CPU.Build.0 = Debug|Any CPU
		{FC27F0B1-F353-41CD-899D-0F3041DCF2A8}.Release|Any CPU.ActiveCfg = Release|Any CPU
		{FC27F0B1-F353-41CD-899D-0F3041DCF2A8}.Release|Any CPU.Build.0 = Release|Any CPU
	EndGlobalSection
EndGlobal
